
Microsoft Visual Studio Solution File, Format Version 12.00
# Visual Studio Version 16
VisualStudioVersion = 16.0.29613.14
MinimumVisualStudioVersion = 10.0.40219.1
Project("{FAE04EC0-301F-11D3-BF4B-00C04F79EFBC}") = "Back", "Back\Back.csproj", "{E23D05A4-3170-467B-9887-5E81D9861A51}"
EndProject
Global
	GlobalSection(SolutionConfigurationPlatforms) = preSolution
		Debug|Any CPU = Debug|Any CPU
		Debug|x86 = Debug|x86
		Release|Any CPU = Release|Any CPU
		Release|x86 = Release|x86
	EndGlobalSection
	GlobalSection(ProjectConfigurationPlatforms) = postSolution
		{E23D05A4-3170-467B-9887-5E81D9861A51}.Debug|Any CPU.ActiveCfg = Debug|Any CPU
		{E23D05A4-3170-467B-9887-5E81D9861A51}.Debug|Any CPU.Build.0 = Debug|Any CPU
		{E23D05A4-3170-467B-9887-5E81D9861A51}.Debug|x86.ActiveCfg = Debug|x86
		{E23D05A4-3170-467B-9887-5E81D9861A51}.Debug|x86.Build.0 = Debug|x86
		{E23D05A4-3170-467B-9887-5E81D9861A51}.Release|Any CPU.ActiveCfg = Release|Any CPU
		{E23D05A4-3170-467B-9887-5E81D9861A51}.Release|Any CPU.Build.0 = Release|Any CPU
		{E23D05A4-3170-467B-9887-5E81D9861A51}.Release|x86.ActiveCfg = Release|x86
		{E23D05A4-3170-467B-9887-5E81D9861A51}.Release|x86.Build.0 = Release|x86
	EndGlobalSection
	GlobalSection(SolutionProperties) = preSolution
		HideSolutionNode = FALSE
	EndGlobalSection
	GlobalSection(ExtensibilityGlobals) = postSolution
		SolutionGuid = {51ECD80E-545A-4380-9F24-6FDF4E5BDF0F}
	EndGlobalSection
EndGlobal
