
Microsoft Visual Studio Solution File, Format Version 12.00
# Visual Studio Version 16
VisualStudioVersion = 16.0.31410.357
MinimumVisualStudioVersion = 10.0.40219.1
Project("{9A19103F-16F7-4668-BE54-9A1E7A4F7556}") = "Mole.Shared", "Mole.Shared\Mole.Shared.csproj", "{F90F1B00-7FFC-4468-845D-AA725D6A6DC3}"
	ProjectSection(ProjectDependencies) = postProject
		{FBBC99D9-5050-489F-BAAA-D7D42DC0DFE3} = {FBBC99D9-5050-489F-BAAA-D7D42DC0DFE3}
	EndProjectSection
EndProject
Project("{9A19103F-16F7-4668-BE54-9A1E7A4F7556}") = "Mole.MonoGame", "Mole.MonoGame\Mole.MonoGame.csproj", "{44BD06DE-93BD-4D78-8CF3-2699B20C8F5F}"
EndProject
Project("{9A19103F-16F7-4668-BE54-9A1E7A4F7556}") = "Mole.Gui", "Mole.Gui\Mole.Gui.csproj", "{C12839DA-2781-4112-8969-11AC8C6F5F39}"
EndProject
Project("{9A19103F-16F7-4668-BE54-9A1E7A4F7556}") = "Mole.Veldrid", "Mole.Veldrid\Mole.Veldrid.csproj", "{3B5F6769-4C0D-4336-A069-C86EFFE8A157}"
EndProject
Project("{FAE04EC0-301F-11D3-BF4B-00C04F79EFBC}") = "TerraCompress", "..\deps\TerraCompress\src\TerraCompress.csproj", "{FBBC99D9-5050-489F-BAAA-D7D42DC0DFE3}"
EndProject
Global
	GlobalSection(SolutionConfigurationPlatforms) = preSolution
		Debug|Any CPU = Debug|Any CPU
		Debug|x64 = Debug|x64
		Release|Any CPU = Release|Any CPU
		Release|x64 = Release|x64
	EndGlobalSection
	GlobalSection(ProjectConfigurationPlatforms) = postSolution
		{F90F1B00-7FFC-4468-845D-AA725D6A6DC3}.Debug|Any CPU.ActiveCfg = Debug|Any CPU
		{F90F1B00-7FFC-4468-845D-AA725D6A6DC3}.Debug|Any CPU.Build.0 = Debug|Any CPU
		{F90F1B00-7FFC-4468-845D-AA725D6A6DC3}.Debug|x64.ActiveCfg = Debug|Any CPU
		{F90F1B00-7FFC-4468-845D-AA725D6A6DC3}.Debug|x64.Build.0 = Debug|Any CPU
		{F90F1B00-7FFC-4468-845D-AA725D6A6DC3}.Release|Any CPU.ActiveCfg = Release|Any CPU
		{F90F1B00-7FFC-4468-845D-AA725D6A6DC3}.Release|Any CPU.Build.0 = Release|Any CPU
		{F90F1B00-7FFC-4468-845D-AA725D6A6DC3}.Release|x64.ActiveCfg = Release|Any CPU
		{F90F1B00-7FFC-4468-845D-AA725D6A6DC3}.Release|x64.Build.0 = Release|Any CPU
		{44BD06DE-93BD-4D78-8CF3-2699B20C8F5F}.Debug|Any CPU.ActiveCfg = Debug|Any CPU
		{44BD06DE-93BD-4D78-8CF3-2699B20C8F5F}.Debug|Any CPU.Build.0 = Debug|Any CPU
		{44BD06DE-93BD-4D78-8CF3-2699B20C8F5F}.Debug|x64.ActiveCfg = Debug|Any CPU
		{44BD06DE-93BD-4D78-8CF3-2699B20C8F5F}.Debug|x64.Build.0 = Debug|Any CPU
		{44BD06DE-93BD-4D78-8CF3-2699B20C8F5F}.Release|Any CPU.ActiveCfg = Release|Any CPU
		{44BD06DE-93BD-4D78-8CF3-2699B20C8F5F}.Release|Any CPU.Build.0 = Release|Any CPU
		{44BD06DE-93BD-4D78-8CF3-2699B20C8F5F}.Release|x64.ActiveCfg = Release|Any CPU
		{44BD06DE-93BD-4D78-8CF3-2699B20C8F5F}.Release|x64.Build.0 = Release|Any CPU
		{C12839DA-2781-4112-8969-11AC8C6F5F39}.Debug|Any CPU.ActiveCfg = Debug|Any CPU
		{C12839DA-2781-4112-8969-11AC8C6F5F39}.Debug|Any CPU.Build.0 = Debug|Any CPU
		{C12839DA-2781-4112-8969-11AC8C6F5F39}.Debug|x64.ActiveCfg = Debug|Any CPU
		{C12839DA-2781-4112-8969-11AC8C6F5F39}.Debug|x64.Build.0 = Debug|Any CPU
		{C12839DA-2781-4112-8969-11AC8C6F5F39}.Release|Any CPU.ActiveCfg = Release|Any CPU
		{C12839DA-2781-4112-8969-11AC8C6F5F39}.Release|Any CPU.Build.0 = Release|Any CPU
		{C12839DA-2781-4112-8969-11AC8C6F5F39}.Release|x64.ActiveCfg = Release|Any CPU
		{C12839DA-2781-4112-8969-11AC8C6F5F39}.Release|x64.Build.0 = Release|Any CPU
		{3B5F6769-4C0D-4336-A069-C86EFFE8A157}.Debug|Any CPU.ActiveCfg = Debug|Any CPU
		{3B5F6769-4C0D-4336-A069-C86EFFE8A157}.Debug|Any CPU.Build.0 = Debug|Any CPU
		{3B5F6769-4C0D-4336-A069-C86EFFE8A157}.Debug|x64.ActiveCfg = Debug|Any CPU
		{3B5F6769-4C0D-4336-A069-C86EFFE8A157}.Debug|x64.Build.0 = Debug|Any CPU
		{3B5F6769-4C0D-4336-A069-C86EFFE8A157}.Release|Any CPU.ActiveCfg = Release|Any CPU
		{3B5F6769-4C0D-4336-A069-C86EFFE8A157}.Release|Any CPU.Build.0 = Release|Any CPU
		{3B5F6769-4C0D-4336-A069-C86EFFE8A157}.Release|x64.ActiveCfg = Release|Any CPU
		{3B5F6769-4C0D-4336-A069-C86EFFE8A157}.Release|x64.Build.0 = Release|Any CPU
		{FBBC99D9-5050-489F-BAAA-D7D42DC0DFE3}.Debug|Any CPU.ActiveCfg = Debug|Any CPU
		{FBBC99D9-5050-489F-BAAA-D7D42DC0DFE3}.Debug|Any CPU.Build.0 = Debug|Any CPU
		{FBBC99D9-5050-489F-BAAA-D7D42DC0DFE3}.Debug|x64.ActiveCfg = Debug|Any CPU
		{FBBC99D9-5050-489F-BAAA-D7D42DC0DFE3}.Debug|x64.Build.0 = Debug|Any CPU
		{FBBC99D9-5050-489F-BAAA-D7D42DC0DFE3}.Release|Any CPU.ActiveCfg = Release|Any CPU
		{FBBC99D9-5050-489F-BAAA-D7D42DC0DFE3}.Release|Any CPU.Build.0 = Release|Any CPU
		{FBBC99D9-5050-489F-BAAA-D7D42DC0DFE3}.Release|x64.ActiveCfg = Release|Any CPU
		{FBBC99D9-5050-489F-BAAA-D7D42DC0DFE3}.Release|x64.Build.0 = Release|Any CPU
	EndGlobalSection
	GlobalSection(SolutionProperties) = preSolution
		HideSolutionNode = FALSE
	EndGlobalSection
	GlobalSection(ExtensibilityGlobals) = postSolution
		SolutionGuid = {C619B1DC-CA30-4540-A552-D3F352018C47}
	EndGlobalSection
EndGlobal
