
Microsoft Visual Studio Solution File, Format Version 12.00
# Visual Studio Version 17
VisualStudioVersion = 17.0.32014.148
MinimumVisualStudioVersion = 10.0.40219.1
Project("{9A19103F-16F7-4668-BE54-9A1E7A4F7556}") = "RetroMole.Core", "RetroMole.Shared\RetroMole.Core.csproj", "{096EE03C-77F1-479A-8595-95CCB8D02D27}"
EndProject
Project("{9A19103F-16F7-4668-BE54-9A1E7A4F7556}") = "RetroMole.Launch", "RetroMole.Launch\RetroMole.Launch.csproj", "{D7F8A331-B71E-4718-A03D-736BE48D5953}"
	ProjectSection(ProjectDependencies) = postProject
		{096EE03C-77F1-479A-8595-95CCB8D02D27} = {096EE03C-77F1-479A-8595-95CCB8D02D27}
	EndProjectSection
EndProject
Project("{9A19103F-16F7-4668-BE54-9A1E7A4F7556}") = "RetroMole.Gui.Widgets", "RetroMole.Gui.Widgets\RetroMole.Gui.Widgets.csproj", "{596F7BDC-5FAF-4CA5-AA62-34C3678B96F1}"
EndProject
Project("{9A19103F-16F7-4668-BE54-9A1E7A4F7556}") = "RetroMole.Gui", "RetroMole.Gui\RetroMole.Gui.csproj", "{A9406F00-1117-4BE3-AED0-F72DF76FBCC7}"
EndProject
Project("{2150E333-8FDC-42A3-9474-1A3956D46DE8}") = "Patches", "Patches", "{32A9A97F-6BA9-4DAB-BE5F-569A1DB575A0}"
	ProjectSection(SolutionItems) = preProject
		Patches\empty.asm = Patches\empty.asm
	EndProjectSection
EndProject
Project("{2150E333-8FDC-42A3-9474-1A3956D46DE8}") = "Renderers", "Renderers", "{5FFFD3D4-DDF2-43D3-BA02-5F311B23CD82}"
EndProject
Project("{9A19103F-16F7-4668-BE54-9A1E7A4F7556}") = "MonogameXNA-Renderer", "Renderers\MonogameXNA-Renderer\src\MonogameXNA-Renderer.csproj", "{0D9E50D5-2FD5-4801-B800-DC6AEF0272F6}"
EndProject
Project("{8BC9CEB8-8B4A-11D0-8D11-00A0C91BC942}") = "asar", "Asar\CMake-out\asar\asar.vcxproj", "{F188485A-4BEF-3F8E-AC32-9DB552D056AD}"
EndProject
Project("{8BC9CEB8-8B4A-11D0-8D11-00A0C91BC942}") = "ZERO_CHECK", "Asar\CMake-out\ZERO_CHECK.vcxproj", "{49E3D394-F913-3243-8825-7136DBE214C9}"
EndProject
Project("{2150E333-8FDC-42A3-9474-1A3956D46DE8}") = "Plugins", "Plugins", "{75BF2F32-A0FC-4BC7-AAA8-18D586488EF2}"
EndProject
Global
	GlobalSection(SolutionConfigurationPlatforms) = preSolution
		Debug|Any CPU = Debug|Any CPU
		Debug|x64 = Debug|x64
		MinSizeRel|Any CPU = MinSizeRel|Any CPU
		MinSizeRel|x64 = MinSizeRel|x64
		Release|Any CPU = Release|Any CPU
		Release|x64 = Release|x64
		RelWithDebInfo|Any CPU = RelWithDebInfo|Any CPU
		RelWithDebInfo|x64 = RelWithDebInfo|x64
	EndGlobalSection
	GlobalSection(ProjectConfigurationPlatforms) = postSolution
		{096EE03C-77F1-479A-8595-95CCB8D02D27}.Debug|Any CPU.ActiveCfg = Debug|Any CPU
		{096EE03C-77F1-479A-8595-95CCB8D02D27}.Debug|Any CPU.Build.0 = Debug|Any CPU
		{096EE03C-77F1-479A-8595-95CCB8D02D27}.Debug|x64.ActiveCfg = Debug|Any CPU
		{096EE03C-77F1-479A-8595-95CCB8D02D27}.Debug|x64.Build.0 = Debug|Any CPU
		{096EE03C-77F1-479A-8595-95CCB8D02D27}.MinSizeRel|Any CPU.ActiveCfg = Release|Any CPU
		{096EE03C-77F1-479A-8595-95CCB8D02D27}.MinSizeRel|Any CPU.Build.0 = Release|Any CPU
		{096EE03C-77F1-479A-8595-95CCB8D02D27}.MinSizeRel|x64.ActiveCfg = Release|Any CPU
		{096EE03C-77F1-479A-8595-95CCB8D02D27}.MinSizeRel|x64.Build.0 = Release|Any CPU
		{096EE03C-77F1-479A-8595-95CCB8D02D27}.Release|Any CPU.ActiveCfg = Release|Any CPU
		{096EE03C-77F1-479A-8595-95CCB8D02D27}.Release|Any CPU.Build.0 = Release|Any CPU
		{096EE03C-77F1-479A-8595-95CCB8D02D27}.Release|x64.ActiveCfg = Release|Any CPU
		{096EE03C-77F1-479A-8595-95CCB8D02D27}.Release|x64.Build.0 = Release|Any CPU
		{096EE03C-77F1-479A-8595-95CCB8D02D27}.RelWithDebInfo|Any CPU.ActiveCfg = Release|Any CPU
		{096EE03C-77F1-479A-8595-95CCB8D02D27}.RelWithDebInfo|Any CPU.Build.0 = Release|Any CPU
		{096EE03C-77F1-479A-8595-95CCB8D02D27}.RelWithDebInfo|x64.ActiveCfg = Release|Any CPU
		{096EE03C-77F1-479A-8595-95CCB8D02D27}.RelWithDebInfo|x64.Build.0 = Release|Any CPU
		{D7F8A331-B71E-4718-A03D-736BE48D5953}.Debug|Any CPU.ActiveCfg = Debug|Any CPU
		{D7F8A331-B71E-4718-A03D-736BE48D5953}.Debug|Any CPU.Build.0 = Debug|Any CPU
		{D7F8A331-B71E-4718-A03D-736BE48D5953}.Debug|x64.ActiveCfg = Debug|Any CPU
		{D7F8A331-B71E-4718-A03D-736BE48D5953}.Debug|x64.Build.0 = Debug|Any CPU
		{D7F8A331-B71E-4718-A03D-736BE48D5953}.MinSizeRel|Any CPU.ActiveCfg = Release|Any CPU
		{D7F8A331-B71E-4718-A03D-736BE48D5953}.MinSizeRel|Any CPU.Build.0 = Release|Any CPU
		{D7F8A331-B71E-4718-A03D-736BE48D5953}.MinSizeRel|x64.ActiveCfg = Release|Any CPU
		{D7F8A331-B71E-4718-A03D-736BE48D5953}.MinSizeRel|x64.Build.0 = Release|Any CPU
		{D7F8A331-B71E-4718-A03D-736BE48D5953}.Release|Any CPU.ActiveCfg = Release|Any CPU
		{D7F8A331-B71E-4718-A03D-736BE48D5953}.Release|Any CPU.Build.0 = Release|Any CPU
		{D7F8A331-B71E-4718-A03D-736BE48D5953}.Release|x64.ActiveCfg = Release|Any CPU
		{D7F8A331-B71E-4718-A03D-736BE48D5953}.Release|x64.Build.0 = Release|Any CPU
		{D7F8A331-B71E-4718-A03D-736BE48D5953}.RelWithDebInfo|Any CPU.ActiveCfg = Release|Any CPU
		{D7F8A331-B71E-4718-A03D-736BE48D5953}.RelWithDebInfo|Any CPU.Build.0 = Release|Any CPU
		{D7F8A331-B71E-4718-A03D-736BE48D5953}.RelWithDebInfo|x64.ActiveCfg = Release|Any CPU
		{D7F8A331-B71E-4718-A03D-736BE48D5953}.RelWithDebInfo|x64.Build.0 = Release|Any CPU
		{596F7BDC-5FAF-4CA5-AA62-34C3678B96F1}.Debug|Any CPU.ActiveCfg = Debug|Any CPU
		{596F7BDC-5FAF-4CA5-AA62-34C3678B96F1}.Debug|Any CPU.Build.0 = Debug|Any CPU
		{596F7BDC-5FAF-4CA5-AA62-34C3678B96F1}.Debug|x64.ActiveCfg = Debug|Any CPU
		{596F7BDC-5FAF-4CA5-AA62-34C3678B96F1}.Debug|x64.Build.0 = Debug|Any CPU
		{596F7BDC-5FAF-4CA5-AA62-34C3678B96F1}.MinSizeRel|Any CPU.ActiveCfg = Release|Any CPU
		{596F7BDC-5FAF-4CA5-AA62-34C3678B96F1}.MinSizeRel|Any CPU.Build.0 = Release|Any CPU
		{596F7BDC-5FAF-4CA5-AA62-34C3678B96F1}.MinSizeRel|x64.ActiveCfg = Release|Any CPU
		{596F7BDC-5FAF-4CA5-AA62-34C3678B96F1}.MinSizeRel|x64.Build.0 = Release|Any CPU
		{596F7BDC-5FAF-4CA5-AA62-34C3678B96F1}.Release|Any CPU.ActiveCfg = Release|Any CPU
		{596F7BDC-5FAF-4CA5-AA62-34C3678B96F1}.Release|Any CPU.Build.0 = Release|Any CPU
		{596F7BDC-5FAF-4CA5-AA62-34C3678B96F1}.Release|x64.ActiveCfg = Release|Any CPU
		{596F7BDC-5FAF-4CA5-AA62-34C3678B96F1}.Release|x64.Build.0 = Release|Any CPU
		{596F7BDC-5FAF-4CA5-AA62-34C3678B96F1}.RelWithDebInfo|Any CPU.ActiveCfg = Release|Any CPU
		{596F7BDC-5FAF-4CA5-AA62-34C3678B96F1}.RelWithDebInfo|Any CPU.Build.0 = Release|Any CPU
		{596F7BDC-5FAF-4CA5-AA62-34C3678B96F1}.RelWithDebInfo|x64.ActiveCfg = Release|Any CPU
		{596F7BDC-5FAF-4CA5-AA62-34C3678B96F1}.RelWithDebInfo|x64.Build.0 = Release|Any CPU
		{A9406F00-1117-4BE3-AED0-F72DF76FBCC7}.Debug|Any CPU.ActiveCfg = Debug|Any CPU
		{A9406F00-1117-4BE3-AED0-F72DF76FBCC7}.Debug|Any CPU.Build.0 = Debug|Any CPU
		{A9406F00-1117-4BE3-AED0-F72DF76FBCC7}.Debug|x64.ActiveCfg = Debug|Any CPU
		{A9406F00-1117-4BE3-AED0-F72DF76FBCC7}.Debug|x64.Build.0 = Debug|Any CPU
		{A9406F00-1117-4BE3-AED0-F72DF76FBCC7}.MinSizeRel|Any CPU.ActiveCfg = Release|Any CPU
		{A9406F00-1117-4BE3-AED0-F72DF76FBCC7}.MinSizeRel|Any CPU.Build.0 = Release|Any CPU
		{A9406F00-1117-4BE3-AED0-F72DF76FBCC7}.MinSizeRel|x64.ActiveCfg = Release|Any CPU
		{A9406F00-1117-4BE3-AED0-F72DF76FBCC7}.MinSizeRel|x64.Build.0 = Release|Any CPU
		{A9406F00-1117-4BE3-AED0-F72DF76FBCC7}.Release|Any CPU.ActiveCfg = Release|Any CPU
		{A9406F00-1117-4BE3-AED0-F72DF76FBCC7}.Release|Any CPU.Build.0 = Release|Any CPU
		{A9406F00-1117-4BE3-AED0-F72DF76FBCC7}.Release|x64.ActiveCfg = Release|Any CPU
		{A9406F00-1117-4BE3-AED0-F72DF76FBCC7}.Release|x64.Build.0 = Release|Any CPU
		{A9406F00-1117-4BE3-AED0-F72DF76FBCC7}.RelWithDebInfo|Any CPU.ActiveCfg = Release|Any CPU
		{A9406F00-1117-4BE3-AED0-F72DF76FBCC7}.RelWithDebInfo|Any CPU.Build.0 = Release|Any CPU
		{A9406F00-1117-4BE3-AED0-F72DF76FBCC7}.RelWithDebInfo|x64.ActiveCfg = Release|Any CPU
		{A9406F00-1117-4BE3-AED0-F72DF76FBCC7}.RelWithDebInfo|x64.Build.0 = Release|Any CPU
		{0D9E50D5-2FD5-4801-B800-DC6AEF0272F6}.Debug|Any CPU.ActiveCfg = Debug|Any CPU
		{0D9E50D5-2FD5-4801-B800-DC6AEF0272F6}.Debug|Any CPU.Build.0 = Debug|Any CPU
		{0D9E50D5-2FD5-4801-B800-DC6AEF0272F6}.Debug|x64.ActiveCfg = Debug|Any CPU
		{0D9E50D5-2FD5-4801-B800-DC6AEF0272F6}.Debug|x64.Build.0 = Debug|Any CPU
		{0D9E50D5-2FD5-4801-B800-DC6AEF0272F6}.MinSizeRel|Any CPU.ActiveCfg = Release|Any CPU
		{0D9E50D5-2FD5-4801-B800-DC6AEF0272F6}.MinSizeRel|Any CPU.Build.0 = Release|Any CPU
		{0D9E50D5-2FD5-4801-B800-DC6AEF0272F6}.MinSizeRel|x64.ActiveCfg = Release|Any CPU
		{0D9E50D5-2FD5-4801-B800-DC6AEF0272F6}.MinSizeRel|x64.Build.0 = Release|Any CPU
		{0D9E50D5-2FD5-4801-B800-DC6AEF0272F6}.Release|Any CPU.ActiveCfg = Release|Any CPU
		{0D9E50D5-2FD5-4801-B800-DC6AEF0272F6}.Release|Any CPU.Build.0 = Release|Any CPU
		{0D9E50D5-2FD5-4801-B800-DC6AEF0272F6}.Release|x64.ActiveCfg = Release|Any CPU
		{0D9E50D5-2FD5-4801-B800-DC6AEF0272F6}.Release|x64.Build.0 = Release|Any CPU
		{0D9E50D5-2FD5-4801-B800-DC6AEF0272F6}.RelWithDebInfo|Any CPU.ActiveCfg = Release|Any CPU
		{0D9E50D5-2FD5-4801-B800-DC6AEF0272F6}.RelWithDebInfo|Any CPU.Build.0 = Release|Any CPU
		{0D9E50D5-2FD5-4801-B800-DC6AEF0272F6}.RelWithDebInfo|x64.ActiveCfg = Release|Any CPU
		{0D9E50D5-2FD5-4801-B800-DC6AEF0272F6}.RelWithDebInfo|x64.Build.0 = Release|Any CPU
		{F188485A-4BEF-3F8E-AC32-9DB552D056AD}.Debug|Any CPU.ActiveCfg = Debug|x64
		{F188485A-4BEF-3F8E-AC32-9DB552D056AD}.Debug|Any CPU.Build.0 = Debug|x64
		{F188485A-4BEF-3F8E-AC32-9DB552D056AD}.Debug|x64.ActiveCfg = Debug|x64
		{F188485A-4BEF-3F8E-AC32-9DB552D056AD}.Debug|x64.Build.0 = Debug|x64
		{F188485A-4BEF-3F8E-AC32-9DB552D056AD}.MinSizeRel|Any CPU.ActiveCfg = MinSizeRel|x64
		{F188485A-4BEF-3F8E-AC32-9DB552D056AD}.MinSizeRel|Any CPU.Build.0 = MinSizeRel|x64
		{F188485A-4BEF-3F8E-AC32-9DB552D056AD}.MinSizeRel|x64.ActiveCfg = MinSizeRel|x64
		{F188485A-4BEF-3F8E-AC32-9DB552D056AD}.MinSizeRel|x64.Build.0 = MinSizeRel|x64
		{F188485A-4BEF-3F8E-AC32-9DB552D056AD}.Release|Any CPU.ActiveCfg = Release|x64
		{F188485A-4BEF-3F8E-AC32-9DB552D056AD}.Release|Any CPU.Build.0 = Release|x64
		{F188485A-4BEF-3F8E-AC32-9DB552D056AD}.Release|x64.ActiveCfg = Release|x64
		{F188485A-4BEF-3F8E-AC32-9DB552D056AD}.Release|x64.Build.0 = Release|x64
		{F188485A-4BEF-3F8E-AC32-9DB552D056AD}.RelWithDebInfo|Any CPU.ActiveCfg = RelWithDebInfo|x64
		{F188485A-4BEF-3F8E-AC32-9DB552D056AD}.RelWithDebInfo|Any CPU.Build.0 = RelWithDebInfo|x64
		{F188485A-4BEF-3F8E-AC32-9DB552D056AD}.RelWithDebInfo|x64.ActiveCfg = RelWithDebInfo|x64
		{F188485A-4BEF-3F8E-AC32-9DB552D056AD}.RelWithDebInfo|x64.Build.0 = RelWithDebInfo|x64
		{49E3D394-F913-3243-8825-7136DBE214C9}.Debug|Any CPU.ActiveCfg = Debug|x64
		{49E3D394-F913-3243-8825-7136DBE214C9}.Debug|Any CPU.Build.0 = Debug|x64
		{49E3D394-F913-3243-8825-7136DBE214C9}.Debug|x64.ActiveCfg = Debug|x64
		{49E3D394-F913-3243-8825-7136DBE214C9}.Debug|x64.Build.0 = Debug|x64
		{49E3D394-F913-3243-8825-7136DBE214C9}.MinSizeRel|Any CPU.ActiveCfg = MinSizeRel|x64
		{49E3D394-F913-3243-8825-7136DBE214C9}.MinSizeRel|Any CPU.Build.0 = MinSizeRel|x64
		{49E3D394-F913-3243-8825-7136DBE214C9}.MinSizeRel|x64.ActiveCfg = MinSizeRel|x64
		{49E3D394-F913-3243-8825-7136DBE214C9}.MinSizeRel|x64.Build.0 = MinSizeRel|x64
		{49E3D394-F913-3243-8825-7136DBE214C9}.Release|Any CPU.ActiveCfg = Release|x64
		{49E3D394-F913-3243-8825-7136DBE214C9}.Release|Any CPU.Build.0 = Release|x64
		{49E3D394-F913-3243-8825-7136DBE214C9}.Release|x64.ActiveCfg = Release|x64
		{49E3D394-F913-3243-8825-7136DBE214C9}.Release|x64.Build.0 = Release|x64
		{49E3D394-F913-3243-8825-7136DBE214C9}.RelWithDebInfo|Any CPU.ActiveCfg = RelWithDebInfo|x64
		{49E3D394-F913-3243-8825-7136DBE214C9}.RelWithDebInfo|Any CPU.Build.0 = RelWithDebInfo|x64
		{49E3D394-F913-3243-8825-7136DBE214C9}.RelWithDebInfo|x64.ActiveCfg = RelWithDebInfo|x64
		{49E3D394-F913-3243-8825-7136DBE214C9}.RelWithDebInfo|x64.Build.0 = RelWithDebInfo|x64
	EndGlobalSection
	GlobalSection(SolutionProperties) = preSolution
		HideSolutionNode = FALSE
	EndGlobalSection
	GlobalSection(NestedProjects) = preSolution
		{0D9E50D5-2FD5-4801-B800-DC6AEF0272F6} = {5FFFD3D4-DDF2-43D3-BA02-5F311B23CD82}
	EndGlobalSection
	GlobalSection(ExtensibilityGlobals) = postSolution
		SolutionGuid = {DE240124-DD52-4455-8B29-85C5E1FEA4C6}
	EndGlobalSection
EndGlobal
